// !$*UTF8*$!
{
	archiveVersion = 1;
	classes = {
	};
	objectVersion = 46;
	objects = {

/* Begin PBXBuildFile section */
		2BEF059E1C2CEC550071BF9D /* main.m in Sources */ = {isa = PBXBuildFile; fileRef = 2BEF059D1C2CEC550071BF9D /* main.m */; };
		2BEF05A11C2CEC550071BF9D /* AppDelegate.m in Sources */ = {isa = PBXBuildFile; fileRef = 2BEF05A01C2CEC550071BF9D /* AppDelegate.m */; };
		2BEF05A41C2CEC550071BF9D /* ViewController.m in Sources */ = {isa = PBXBuildFile; fileRef = 2BEF05A31C2CEC550071BF9D /* ViewController.m */; };
		2BEF05A71C2CEC560071BF9D /* Main.storyboard in Resources */ = {isa = PBXBuildFile; fileRef = 2BEF05A51C2CEC550071BF9D /* Main.storyboard */; };
		2BEF05A91C2CEC560071BF9D /* Assets.xcassets in Resources */ = {isa = PBXBuildFile; fileRef = 2BEF05A81C2CEC560071BF9D /* Assets.xcassets */; };
		2BEF05AC1C2CEC560071BF9D /* LaunchScreen.storyboard in Resources */ = {isa = PBXBuildFile; fileRef = 2BEF05AA1C2CEC560071BF9D /* LaunchScreen.storyboard */; };
		2BEF05B71C2CEC560071BF9D /* UINavigationTests.m in Sources */ = {isa = PBXBuildFile; fileRef = 2BEF05B61C2CEC560071BF9D /* UINavigationTests.m */; };
		2BEF05C21C2CEC560071BF9D /* UINavigationUITests.m in Sources */ = {isa = PBXBuildFile; fileRef = 2BEF05C11C2CEC560071BF9D /* UINavigationUITests.m */; };
/* End PBXBuildFile section */

/* Begin PBXContainerItemProxy section */
		2BEF05B31C2CEC560071BF9D /* PBXContainerItemProxy */ = {
			isa = PBXContainerItemProxy;
			containerPortal = 2BEF05911C2CEC550071BF9D /* Project object */;
			proxyType = 1;
			remoteGlobalIDString = 2BEF05981C2CEC550071BF9D;
			remoteInfo = UINavigation;
		};
		2BEF05BE1C2CEC560071BF9D /* PBXContainerItemProxy */ = {
			isa = PBXContainerItemProxy;
			containerPortal = 2BEF05911C2CEC550071BF9D /* Project object */;
			proxyType = 1;
			remoteGlobalIDString = 2BEF05981C2CEC550071BF9D;
			remoteInfo = UINavigation;
		};
/* End PBXContainerItemProxy section */

/* Begin PBXFileReference section */
		2BEF05991C2CEC550071BF9D /* UINavigation.app */ = {isa = PBXFileReference; explicitFileType = wrapper.application; includeInIndex = 0; path = UINavigation.app; sourceTree = BUILT_PRODUCTS_DIR; };
		2BEF059D1C2CEC550071BF9D /* main.m */ = {isa = PBXFileReference; lastKnownFileType = sourcecode.c.objc; path = main.m; sourceTree = "<group>"; };
		2BEF059F1C2CEC550071BF9D /* AppDelegate.h */ = {isa = PBXFileReference; lastKnownFileType = sourcecode.c.h; path = AppDelegate.h; sourceTree = "<group>"; };
		2BEF05A01C2CEC550071BF9D /* AppDelegate.m */ = {isa = PBXFileReference; lastKnownFileType = sourcecode.c.objc; path = AppDelegate.m; sourceTree = "<group>"; };
		2BEF05A21C2CEC550071BF9D /* ViewController.h */ = {isa = PBXFileReference; lastKnownFileType = sourcecode.c.h; path = ViewController.h; sourceTree = "<group>"; };
		2BEF05A31C2CEC550071BF9D /* ViewController.m */ = {isa = PBXFileReference; lastKnownFileType = sourcecode.c.objc; path = ViewController.m; sourceTree = "<group>"; };
		2BEF05A61C2CEC560071BF9D /* Base */ = {isa = PBXFileReference; lastKnownFileType = file.storyboard; name = Base; path = Base.lproj/Main.storyboard; sourceTree = "<group>"; };
		2BEF05A81C2CEC560071BF9D /* Assets.xcassets */ = {isa = PBXFileReference; lastKnownFileType = folder.assetcatalog; path = Assets.xcassets; sourceTree = "<group>"; };
		2BEF05AB1C2CEC560071BF9D /* Base */ = {isa = PBXFileReference; lastKnownFileType = file.storyboard; name = Base; path = Base.lproj/LaunchScreen.storyboard; sourceTree = "<group>"; };
		2BEF05AD1C2CEC560071BF9D /* Info.plist */ = {isa = PBXFileReference; lastKnownFileType = text.plist.xml; path = Info.plist; sourceTree = "<group>"; };
		2BEF05B21C2CEC560071BF9D /* UINavigationTests.xctest */ = {isa = PBXFileReference; explicitFileType = wrapper.cfbundle; includeInIndex = 0; path = UINavigationTests.xctest; sourceTree = BUILT_PRODUCTS_DIR; };
		2BEF05B61C2CEC560071BF9D /* UINavigationTests.m */ = {isa = PBXFileReference; lastKnownFileType = sourcecode.c.objc; path = UINavigationTests.m; sourceTree = "<group>"; };
		2BEF05B81C2CEC560071BF9D /* Info.plist */ = {isa = PBXFileReference; lastKnownFileType = text.plist.xml; path = Info.plist; sourceTree = "<group>"; };
		2BEF05BD1C2CEC560071BF9D /* UINavigationUITests.xctest */ = {isa = PBXFileReference; explicitFileType = wrapper.cfbundle; includeInIndex = 0; path = UINavigationUITests.xctest; sourceTree = BUILT_PRODUCTS_DIR; };
		2BEF05C11C2CEC560071BF9D /* UINavigationUITests.m */ = {isa = PBXFileReference; lastKnownFileType = sourcecode.c.objc; path = UINavigationUITests.m; sourceTree = "<group>"; };
		2BEF05C31C2CEC560071BF9D /* Info.plist */ = {isa = PBXFileReference; lastKnownFileType = text.plist.xml; path = Info.plist; sourceTree = "<group>"; };
/* End PBXFileReference section */

/* Begin PBXFrameworksBuildPhase section */
		2BEF05961C2CEC550071BF9D /* Frameworks */ = {
			isa = PBXFrameworksBuildPhase;
			buildActionMask = 2147483647;
			files = (
			);
			runOnlyForDeploymentPostprocessing = 0;
		};
		2BEF05AF1C2CEC560071BF9D /* Frameworks */ = {
			isa = PBXFrameworksBuildPhase;
			buildActionMask = 2147483647;
			files = (
			);
			runOnlyForDeploymentPostprocessing = 0;
		};
		2BEF05BA1C2CEC560071BF9D /* Frameworks */ = {
			isa = PBXFrameworksBuildPhase;
			buildActionMask = 2147483647;
			files = (
			);
			runOnlyForDeploymentPostprocessing = 0;
		};
/* End PBXFrameworksBuildPhase section */

/* Begin PBXGroup section */
		2BEF05901C2CEC550071BF9D = {
			isa = PBXGroup;
			children = (
				2BEF059B1C2CEC550071BF9D /* UINavigation */,
				2BEF05B51C2CEC560071BF9D /* UINavigationTests */,
				2BEF05C01C2CEC560071BF9D /* UINavigationUITests */,
				2BEF059A1C2CEC550071BF9D /* Products */,
			);
			sourceTree = "<group>";
		};
		2BEF059A1C2CEC550071BF9D /* Products */ = {
			isa = PBXGroup;
			children = (
				2BEF05991C2CEC550071BF9D /* UINavigation.app */,
				2BEF05B21C2CEC560071BF9D /* UINavigationTests.xctest */,
				2BEF05BD1C2CEC560071BF9D /* UINavigationUITests.xctest */,
			);
			name = Products;
			sourceTree = "<group>";
		};
		2BEF059B1C2CEC550071BF9D /* UINavigation */ = {
			isa = PBXGroup;
			children = (
				2BEF059F1C2CEC550071BF9D /* AppDelegate.h */,
				2BEF05A01C2CEC550071BF9D /* AppDelegate.m */,
				2BEF05A21C2CEC550071BF9D /* ViewController.h */,
				2BEF05A31C2CEC550071BF9D /* ViewController.m */,
				2BEF05A51C2CEC550071BF9D /* Main.storyboard */,
				2BEF05A81C2CEC560071BF9D /* Assets.xcassets */,
				2BEF05AA1C2CEC560071BF9D /* LaunchScreen.storyboard */,
				2BEF05AD1C2CEC560071BF9D /* Info.plist */,
				2BEF059C1C2CEC550071BF9D /* Supporting Files */,
			);
			path = UINavigation;
			sourceTree = "<group>";
		};
		2BEF059C1C2CEC550071BF9D /* Supporting Files */ = {
			isa = PBXGroup;
			children = (
				2BEF059D1C2CEC550071BF9D /* main.m */,
			);
			name = "Supporting Files";
			sourceTree = "<group>";
		};
		2BEF05B51C2CEC560071BF9D /* UINavigationTests */ = {
			isa = PBXGroup;
			children = (
				2BEF05B61C2CEC560071BF9D /* UINavigationTests.m */,
				2BEF05B81C2CEC560071BF9D /* Info.plist */,
			);
			path = UINavigationTests;
			sourceTree = "<group>";
		};
		2BEF05C01C2CEC560071BF9D /* UINavigationUITests */ = {
			isa = PBXGroup;
			children = (
				2BEF05C11C2CEC560071BF9D /* UINavigationUITests.m */,
				2BEF05C31C2CEC560071BF9D /* Info.plist */,
			);
			path = UINavigationUITests;
			sourceTree = "<group>";
		};
/* End PBXGroup section */

/* Begin PBXNativeTarget section */
		2BEF05981C2CEC550071BF9D /* UINavigation */ = {
			isa = PBXNativeTarget;
			buildConfigurationList = 2BEF05C61C2CEC560071BF9D /* Build configuration list for PBXNativeTarget "UINavigation" */;
			buildPhases = (
				2BEF05951C2CEC550071BF9D /* Sources */,
				2BEF05961C2CEC550071BF9D /* Frameworks */,
				2BEF05971C2CEC550071BF9D /* Resources */,
			);
			buildRules = (
			);
			dependencies = (
			);
			name = UINavigation;
			productName = UINavigation;
			productReference = 2BEF05991C2CEC550071BF9D /* UINavigation.app */;
			productType = "com.apple.product-type.application";
		};
		2BEF05B11C2CEC560071BF9D /* UINavigationTests */ = {
			isa = PBXNativeTarget;
			buildConfigurationList = 2BEF05C91C2CEC560071BF9D /* Build configuration list for PBXNativeTarget "UINavigationTests" */;
			buildPhases = (
				2BEF05AE1C2CEC560071BF9D /* Sources */,
				2BEF05AF1C2CEC560071BF9D /* Frameworks */,
				2BEF05B01C2CEC560071BF9D /* Resources */,
			);
			buildRules = (
			);
			dependencies = (
				2BEF05B41C2CEC560071BF9D /* PBXTargetDependency */,
			);
			name = UINavigationTests;
			productName = UINavigationTests;
			productReference = 2BEF05B21C2CEC560071BF9D /* UINavigationTests.xctest */;
			productType = "com.apple.product-type.bundle.unit-test";
		};
		2BEF05BC1C2CEC560071BF9D /* UINavigationUITests */ = {
			isa = PBXNativeTarget;
			buildConfigurationList = 2BEF05CC1C2CEC560071BF9D /* Build configuration list for PBXNativeTarget "UINavigationUITests" */;
			buildPhases = (
				2BEF05B91C2CEC560071BF9D /* Sources */,
				2BEF05BA1C2CEC560071BF9D /* Frameworks */,
				2BEF05BB1C2CEC560071BF9D /* Resources */,
			);
			buildRules = (
			);
			dependencies = (
				2BEF05BF1C2CEC560071BF9D /* PBXTargetDependency */,
			);
			name = UINavigationUITests;
			productName = UINavigationUITests;
			productReference = 2BEF05BD1C2CEC560071BF9D /* UINavigationUITests.xctest */;
			productType = "com.apple.product-type.bundle.ui-testing";
		};
/* End PBXNativeTarget section */

/* Begin PBXProject section */
		2BEF05911C2CEC550071BF9D /* Project object */ = {
			isa = PBXProject;
			attributes = {
				LastUpgradeCheck = 0720;
				ORGANIZATIONNAME = haizi;
				TargetAttributes = {
					2BEF05981C2CEC550071BF9D = {
						CreatedOnToolsVersion = 7.2;
					};
					2BEF05B11C2CEC560071BF9D = {
						CreatedOnToolsVersion = 7.2;
						TestTargetID = 2BEF05981C2CEC550071BF9D;
					};
					2BEF05BC1C2CEC560071BF9D = {
						CreatedOnToolsVersion = 7.2;
						TestTargetID = 2BEF05981C2CEC550071BF9D;
					};
				};
			};
			buildConfigurationList = 2BEF05941C2CEC550071BF9D /* Build configuration list for PBXProject "UINavigation" */;
			compatibilityVersion = "Xcode 3.2";
			developmentRegion = English;
			hasScannedForEncodings = 0;
			knownRegions = (
				en,
				Base,
			);
			mainGroup = 2BEF05901C2CEC550071BF9D;
			productRefGroup = 2BEF059A1C2CEC550071BF9D /* Products */;
			projectDirPath = "";
			projectRoot = "";
			targets = (
				2BEF05981C2CEC550071BF9D /* UINavigation */,
				2BEF05B11C2CEC560071BF9D /* UINavigationTests */,
				2BEF05BC1C2CEC560071BF9D /* UINavigationUITests */,
			);
		};
/* End PBXProject section */

/* Begin PBXResourcesBuildPhase section */
		2BEF05971C2CEC550071BF9D /* Resources */ = {
			isa = PBXResourcesBuildPhase;
			buildActionMask = 2147483647;
			files = (
				2BEF05AC1C2CEC560071BF9D /* LaunchScreen.storyboard in Resources */,
				2BEF05A91C2CEC560071BF9D /* Assets.xcassets in Resources */,
				2BEF05A71C2CEC560071BF9D /* Main.storyboard in Resources */,
			);
			runOnlyForDeploymentPostprocessing = 0;
		};
		2BEF05B01C2CEC560071BF9D /* Resources */ = {
			isa = PBXResourcesBuildPhase;
			buildActionMask = 2147483647;
			files = (
			);
			runOnlyForDeploymentPostprocessing = 0;
		};
		2BEF05BB1C2CEC560071BF9D /* Resources */ = {
			isa = PBXResourcesBuildPhase;
			buildActionMask = 2147483647;
			files = (
			);
			runOnlyForDeploymentPostprocessing = 0;
		};
/* End PBXResourcesBuildPhase section */

/* Begin PBXSourcesBuildPhase section */
		2BEF05951C2CEC550071BF9D /* Sources */ = {
			isa = PBXSourcesBuildPhase;
			buildActionMask = 2147483647;
			files = (
				2BEF05A41C2CEC550071BF9D /* ViewController.m in Sources */,
				2BEF05A11C2CEC550071BF9D /* AppDelegate.m in Sources */,
				2BEF059E1C2CEC550071BF9D /* main.m in Sources */,
			);
			runOnlyForDeploymentPostprocessing = 0;
		};
		2BEF05AE1C2CEC560071BF9D /* Sources */ = {
			isa = PBXSourcesBuildPhase;
			buildActionMask = 2147483647;
			files = (
				2BEF05B71C2CEC560071BF9D /* UINavigationTests.m in Sources */,
			);
			runOnlyForDeploymentPostprocessing = 0;
		};
		2BEF05B91C2CEC560071BF9D /* Sources */ = {
			isa = PBXSourcesBuildPhase;
			buildActionMask = 2147483647;
			files = (
				2BEF05C21C2CEC560071BF9D /* UINavigationUITests.m in Sources */,
			);
			runOnlyForDeploymentPostprocessing = 0;
		};
/* End PBXSourcesBuildPhase section */

/* Begin PBXTargetDependency section */
		2BEF05B41C2CEC560071BF9D /* PBXTargetDependency */ = {
			isa = PBXTargetDependency;
			target = 2BEF05981C2CEC550071BF9D /* UINavigation */;
			targetProxy = 2BEF05B31C2CEC560071BF9D /* PBXContainerItemProxy */;
		};
		2BEF05BF1C2CEC560071BF9D /* PBXTargetDependency */ = {
			isa = PBXTargetDependency;
			target = 2BEF05981C2CEC550071BF9D /* UINavigation */;
			targetProxy = 2BEF05BE1C2CEC560071BF9D /* PBXContainerItemProxy */;
		};
/* End PBXTargetDependency section */

/* Begin PBXVariantGroup section */
		2BEF05A51C2CEC550071BF9D /* Main.storyboard */ = {
			isa = PBXVariantGroup;
			children = (
				2BEF05A61C2CEC560071BF9D /* Base */,
			);
			name = Main.storyboard;
			sourceTree = "<group>";
		};
		2BEF05AA1C2CEC560071BF9D /* LaunchScreen.storyboard */ = {
			isa = PBXVariantGroup;
			children = (
				2BEF05AB1C2CEC560071BF9D /* Base */,
			);
			name = LaunchScreen.storyboard;
			sourceTree = "<group>";
		};
/* End PBXVariantGroup section */

/* Begin XCBuildConfiguration section */
		2BEF05C41C2CEC560071BF9D /* Debug */ = {
			isa = XCBuildConfiguration;
			buildSettings = {
				ALWAYS_SEARCH_USER_PATHS = NO;
				CLANG_CXX_LANGUAGE_STANDARD = "gnu++0x";
				CLANG_CXX_LIBRARY = "libc++";
				CLANG_ENABLE_MODULES = YES;
				CLANG_ENABLE_OBJC_ARC = YES;
				CLANG_WARN_BOOL_CONVERSION = YES;
				CLANG_WARN_CONSTANT_CONVERSION = YES;
				CLANG_WARN_DIRECT_OBJC_ISA_USAGE = YES_ERROR;
				CLANG_WARN_EMPTY_BODY = YES;
				CLANG_WARN_ENUM_CONVERSION = YES;
				CLANG_WARN_INT_CONVERSION = YES;
				CLANG_WARN_OBJC_ROOT_CLASS = YES_ERROR;
				CLANG_WARN_UNREACHABLE_CODE = YES;
				CLANG_WARN__DUPLICATE_METHOD_MATCH = YES;
				"CODE_SIGN_IDENTITY[sdk=iphoneos*]" = "iPhone Developer";
				COPY_PHASE_STRIP = NO;
				DEBUG_INFORMATION_FORMAT = dwarf;
				ENABLE_STRICT_OBJC_MSGSEND = YES;
				ENABLE_TESTABILITY = YES;
				GCC_C_LANGUAGE_STANDARD = gnu99;
				GCC_DYNAMIC_NO_PIC = NO;
				GCC_NO_COMMON_BLOCKS = YES;
				GCC_OPTIMIZATION_LEVEL = 0;
				GCC_PREPROCESSOR_DEFINITIONS = (
					"DEBUG=1",
					"$(inherited)",
				);
				GCC_WARN_64_TO_32_BIT_CONVERSION = YES;
				GCC_WARN_ABOUT_RETURN_TYPE = YES_ERROR;
				GCC_WARN_UNDECLARED_SELECTOR = YES;
				GCC_WARN_UNINITIALIZED_AUTOS = YES_AGGRESSIVE;
				GCC_WARN_UNUSED_FUNCTION = YES;
				GCC_WARN_UNUSED_VARIABLE = YES;
				IPHONEOS_DEPLOYMENT_TARGET = 9.2;
				MTL_ENABLE_DEBUG_INFO = YES;
				ONLY_ACTIVE_ARCH = YES;
				SDKROOT = iphoneos;
			};
			name = Debug;
		};
		2BEF05C51C2CEC560071BF9D /* Release */ = {
			isa = XCBuildConfiguration;
			buildSettings = {
				ALWAYS_SEARCH_USER_PATHS = NO;
				CLANG_CXX_LANGUAGE_STANDARD = "gnu++0x";
				CLANG_CXX_LIBRARY = "libc++";
				CLANG_ENABLE_MODULES = YES;
				CLANG_ENABLE_OBJC_ARC = YES;
				CLANG_WARN_BOOL_CONVERSION = YES;
				CLANG_WARN_CONSTANT_CONVERSION = YES;
				CLANG_WARN_DIRECT_OBJC_ISA_USAGE = YES_ERROR;
				CLANG_WARN_EMPTY_BODY = YES;
				CLANG_WARN_ENUM_CONVERSION = YES;
				CLANG_WARN_INT_CONVERSION = YES;
				CLANG_WARN_OBJC_ROOT_CLASS = YES_ERROR;
				CLANG_WARN_UNREACHABLE_CODE = YES;
				CLANG_WARN__DUPLICATE_METHOD_MATCH = YES;
				"CODE_SIGN_IDENTITY[sdk=iphoneos*]" = "iPhone Developer";
				COPY_PHASE_STRIP = NO;
				DEBUG_INFORMATION_FORMAT = "dwarf-with-dsym";
				ENABLE_NS_ASSERTIONS = NO;
				ENABLE_STRICT_OBJC_MSGSEND = YES;
				GCC_C_LANGUAGE_STANDARD = gnu99;
				GCC_NO_COMMON_BLOCKS = YES;
				GCC_WARN_64_TO_32_BIT_CONVERSION = YES;
				GCC_WARN_ABOUT_RETURN_TYPE = YES_ERROR;
				GCC_WARN_UNDECLARED_SELECTOR = YES;
				GCC_WARN_UNINITIALIZED_AUTOS = YES_AGGRESSIVE;
				GCC_WARN_UNUSED_FUNCTION = YES;
				GCC_WARN_UNUSED_VARIABLE = YES;
				IPHONEOS_DEPLOYMENT_TARGET = 9.2;
				MTL_ENABLE_DEBUG_INFO = NO;
				SDKROOT = iphoneos;
				VALIDATE_PRODUCT = YES;
			};
			name = Release;
		};
		2BEF05C71C2CEC560071BF9D /* Debug */ = {
			isa = XCBuildConfiguration;
			buildSettings = {
				ASSETCATALOG_COMPILER_APPICON_NAME = AppIcon;
				INFOPLIST_FILE = UINavigation/Info.plist;
				LD_RUNPATH_SEARCH_PATHS = "$(inherited) @executable_path/Frameworks";
				PRODUCT_BUNDLE_IDENTIFIER = com.haizi.UINavigation;
				PRODUCT_NAME = "$(TARGET_NAME)";
			};
			name = Debug;
		};
		2BEF05C81C2CEC560071BF9D /* Release */ = {
			isa = XCBuildConfiguration;
			buildSettings = {
				ASSETCATALOG_COMPILER_APPICON_NAME = AppIcon;
				INFOPLIST_FILE = UINavigation/Info.plist;
				LD_RUNPATH_SEARCH_PATHS = "$(inherited) @executable_path/Frameworks";
				PRODUCT_BUNDLE_IDENTIFIER = com.haizi.UINavigation;
				PRODUCT_NAME = "$(TARGET_NAME)";
			};
			name = Release;
		};
		2BEF05CA1C2CEC560071BF9D /* Debug */ = {
			isa = XCBuildConfiguration;
			buildSettings = {
				BUNDLE_LOADER = "$(TEST_HOST)";
				INFOPLIST_FILE = UINavigationTests/Info.plist;
				LD_RUNPATH_SEARCH_PATHS = "$(inherited) @executable_path/Frameworks @loader_path/Frameworks";
				PRODUCT_BUNDLE_IDENTIFIER = com.haizi.UINavigationTests;
				PRODUCT_NAME = "$(TARGET_NAME)";
				TEST_HOST = "$(BUILT_PRODUCTS_DIR)/UINavigation.app/UINavigation";
			};
			name = Debug;
		};
		2BEF05CB1C2CEC560071BF9D /* Release */ = {
			isa = XCBuildConfiguration;
			buildSettings = {
				BUNDLE_LOADER = "$(TEST_HOST)";
				INFOPLIST_FILE = UINavigationTests/Info.plist;
				LD_RUNPATH_SEARCH_PATHS = "$(inherited) @executable_path/Frameworks @loader_path/Frameworks";
				PRODUCT_BUNDLE_IDENTIFIER = com.haizi.UINavigationTests;
				PRODUCT_NAME = "$(TARGET_NAME)";
				TEST_HOST = "$(BUILT_PRODUCTS_DIR)/UINavigation.app/UINavigation";
			};
			name = Release;
		};
		2BEF05CD1C2CEC560071BF9D /* Debug */ = {
			isa = XCBuildConfiguration;
			buildSettings = {
				INFOPLIST_FILE = UINavigationUITests/Info.plist;
				LD_RUNPATH_SEARCH_PATHS = "$(inherited) @executable_path/Frameworks @loader_path/Frameworks";
				PRODUCT_BUNDLE_IDENTIFIER = com.haizi.UINavigationUITests;
				PRODUCT_NAME = "$(TARGET_NAME)";
				TEST_TARGET_NAME = UINavigation;
				USES_XCTRUNNER = YES;
			};
			name = Debug;
		};
		2BEF05CE1C2CEC560071BF9D /* Release */ = {
			isa = XCBuildConfiguration;
			buildSettings = {
				INFOPLIST_FILE = UINavigationUITests/Info.plist;
				LD_RUNPATH_SEARCH_PATHS = "$(inherited) @executable_path/Frameworks @loader_path/Frameworks";
				PRODUCT_BUNDLE_IDENTIFIER = com.haizi.UINavigationUITests;
				PRODUCT_NAME = "$(TARGET_NAME)";
				TEST_TARGET_NAME = UINavigation;
				USES_XCTRUNNER = YES;
			};
			name = Release;
		};
/* End XCBuildConfiguration section */

/* Begin XCConfigurationList section */
		2BEF05941C2CEC550071BF9D /* Build configuration list for PBXProject "UINavigation" */ = {
			isa = XCConfigurationList;
			buildConfigurations = (
				2BEF05C41C2CEC560071BF9D /* Debug */,
				2BEF05C51C2CEC560071BF9D /* Release */,
			);
			defaultConfigurationIsVisible = 0;
			defaultConfigurationName = Release;
		};
		2BEF05C61C2CEC560071BF9D /* Build configuration list for PBXNativeTarget "UINavigation" */ = {
			isa = XCConfigurationList;
			buildConfigurations = (
				2BEF05C71C2CEC560071BF9D /* Debug */,
				2BEF05C81C2CEC560071BF9D /* Release */,
			);
			defaultConfigurationIsVisible = 0;
		};
		2BEF05C91C2CEC560071BF9D /* Build configuration list for PBXNativeTarget "UINavigationTests" */ = {
			isa = XCConfigurationList;
			buildConfigurations = (
				2BEF05CA1C2CEC560071BF9D /* Debug */,
				2BEF05CB1C2CEC560071BF9D /* Release */,
			);
			defaultConfigurationIsVisible = 0;
		};
		2BEF05CC1C2CEC560071BF9D /* Build configuration list for PBXNativeTarget "UINavigationUITests" */ = {
			isa = XCConfigurationList;
			buildConfigurations = (
				2BEF05CD1C2CEC560071BF9D /* Debug */,
				2BEF05CE1C2CEC560071BF9D /* Release */,
			);
			defaultConfigurationIsVisible = 0;
		};
/* End XCConfigurationList section */
	};
	rootObject = 2BEF05911C2CEC550071BF9D /* Project object */;
}
