// !$*UTF8*$!
{
	archiveVersion = 1;
	classes = {
	};
	objectVersion = 46;
	objects = {

/* Begin PBXBuildFile section */
		2BEF6E361C2A7BDD00D93D03 /* main.m in Sources */ = {isa = PBXBuildFile; fileRef = 2BEF6E351C2A7BDD00D93D03 /* main.m */; };
		2BEF6E391C2A7BDD00D93D03 /* AppDelegate.m in Sources */ = {isa = PBXBuildFile; fileRef = 2BEF6E381C2A7BDD00D93D03 /* AppDelegate.m */; };
		2BEF6E3C1C2A7BDD00D93D03 /* ViewController.m in Sources */ = {isa = PBXBuildFile; fileRef = 2BEF6E3B1C2A7BDD00D93D03 /* ViewController.m */; };
		2BEF6E3F1C2A7BDD00D93D03 /* Main.storyboard in Resources */ = {isa = PBXBuildFile; fileRef = 2BEF6E3D1C2A7BDD00D93D03 /* Main.storyboard */; };
		2BEF6E411C2A7BDD00D93D03 /* Assets.xcassets in Resources */ = {isa = PBXBuildFile; fileRef = 2BEF6E401C2A7BDD00D93D03 /* Assets.xcassets */; };
		2BEF6E441C2A7BDD00D93D03 /* LaunchScreen.storyboard in Resources */ = {isa = PBXBuildFile; fileRef = 2BEF6E421C2A7BDD00D93D03 /* LaunchScreen.storyboard */; };
		2BEF6E4F1C2A7BDD00D93D03 /* UINavgationTests.m in Sources */ = {isa = PBXBuildFile; fileRef = 2BEF6E4E1C2A7BDD00D93D03 /* UINavgationTests.m */; };
		2BEF6E5A1C2A7BDD00D93D03 /* UINavgationUITests.m in Sources */ = {isa = PBXBuildFile; fileRef = 2BEF6E591C2A7BDD00D93D03 /* UINavgationUITests.m */; };
/* End PBXBuildFile section */

/* Begin PBXContainerItemProxy section */
		2BEF6E4B1C2A7BDD00D93D03 /* PBXContainerItemProxy */ = {
			isa = PBXContainerItemProxy;
			containerPortal = 2BEF6E291C2A7BDD00D93D03 /* Project object */;
			proxyType = 1;
			remoteGlobalIDString = 2BEF6E301C2A7BDD00D93D03;
			remoteInfo = UINavgation;
		};
		2BEF6E561C2A7BDD00D93D03 /* PBXContainerItemProxy */ = {
			isa = PBXContainerItemProxy;
			containerPortal = 2BEF6E291C2A7BDD00D93D03 /* Project object */;
			proxyType = 1;
			remoteGlobalIDString = 2BEF6E301C2A7BDD00D93D03;
			remoteInfo = UINavgation;
		};
/* End PBXContainerItemProxy section */

/* Begin PBXFileReference section */
		2BEF6E311C2A7BDD00D93D03 /* UINavgation.app */ = {isa = PBXFileReference; explicitFileType = wrapper.application; includeInIndex = 0; path = UINavgation.app; sourceTree = BUILT_PRODUCTS_DIR; };
		2BEF6E351C2A7BDD00D93D03 /* main.m */ = {isa = PBXFileReference; lastKnownFileType = sourcecode.c.objc; path = main.m; sourceTree = "<group>"; };
		2BEF6E371C2A7BDD00D93D03 /* AppDelegate.h */ = {isa = PBXFileReference; lastKnownFileType = sourcecode.c.h; path = AppDelegate.h; sourceTree = "<group>"; };
		2BEF6E381C2A7BDD00D93D03 /* AppDelegate.m */ = {isa = PBXFileReference; lastKnownFileType = sourcecode.c.objc; path = AppDelegate.m; sourceTree = "<group>"; };
		2BEF6E3A1C2A7BDD00D93D03 /* ViewController.h */ = {isa = PBXFileReference; lastKnownFileType = sourcecode.c.h; path = ViewController.h; sourceTree = "<group>"; };
		2BEF6E3B1C2A7BDD00D93D03 /* ViewController.m */ = {isa = PBXFileReference; lastKnownFileType = sourcecode.c.objc; path = ViewController.m; sourceTree = "<group>"; };
		2BEF6E3E1C2A7BDD00D93D03 /* Base */ = {isa = PBXFileReference; lastKnownFileType = file.storyboard; name = Base; path = Base.lproj/Main.storyboard; sourceTree = "<group>"; };
		2BEF6E401C2A7BDD00D93D03 /* Assets.xcassets */ = {isa = PBXFileReference; lastKnownFileType = folder.assetcatalog; path = Assets.xcassets; sourceTree = "<group>"; };
		2BEF6E431C2A7BDD00D93D03 /* Base */ = {isa = PBXFileReference; lastKnownFileType = file.storyboard; name = Base; path = Base.lproj/LaunchScreen.storyboard; sourceTree = "<group>"; };
		2BEF6E451C2A7BDD00D93D03 /* Info.plist */ = {isa = PBXFileReference; lastKnownFileType = text.plist.xml; path = Info.plist; sourceTree = "<group>"; };
		2BEF6E4A1C2A7BDD00D93D03 /* UINavgationTests.xctest */ = {isa = PBXFileReference; explicitFileType = wrapper.cfbundle; includeInIndex = 0; path = UINavgationTests.xctest; sourceTree = BUILT_PRODUCTS_DIR; };
		2BEF6E4E1C2A7BDD00D93D03 /* UINavgationTests.m */ = {isa = PBXFileReference; lastKnownFileType = sourcecode.c.objc; path = UINavgationTests.m; sourceTree = "<group>"; };
		2BEF6E501C2A7BDD00D93D03 /* Info.plist */ = {isa = PBXFileReference; lastKnownFileType = text.plist.xml; path = Info.plist; sourceTree = "<group>"; };
		2BEF6E551C2A7BDD00D93D03 /* UINavgationUITests.xctest */ = {isa = PBXFileReference; explicitFileType = wrapper.cfbundle; includeInIndex = 0; path = UINavgationUITests.xctest; sourceTree = BUILT_PRODUCTS_DIR; };
		2BEF6E591C2A7BDD00D93D03 /* UINavgationUITests.m */ = {isa = PBXFileReference; lastKnownFileType = sourcecode.c.objc; path = UINavgationUITests.m; sourceTree = "<group>"; };
		2BEF6E5B1C2A7BDD00D93D03 /* Info.plist */ = {isa = PBXFileReference; lastKnownFileType = text.plist.xml; path = Info.plist; sourceTree = "<group>"; };
/* End PBXFileReference section */

/* Begin PBXFrameworksBuildPhase section */
		2BEF6E2E1C2A7BDD00D93D03 /* Frameworks */ = {
			isa = PBXFrameworksBuildPhase;
			buildActionMask = 2147483647;
			files = (
			);
			runOnlyForDeploymentPostprocessing = 0;
		};
		2BEF6E471C2A7BDD00D93D03 /* Frameworks */ = {
			isa = PBXFrameworksBuildPhase;
			buildActionMask = 2147483647;
			files = (
			);
			runOnlyForDeploymentPostprocessing = 0;
		};
		2BEF6E521C2A7BDD00D93D03 /* Frameworks */ = {
			isa = PBXFrameworksBuildPhase;
			buildActionMask = 2147483647;
			files = (
			);
			runOnlyForDeploymentPostprocessing = 0;
		};
/* End PBXFrameworksBuildPhase section */

/* Begin PBXGroup section */
		2BEF6E281C2A7BDD00D93D03 = {
			isa = PBXGroup;
			children = (
				2BEF6E331C2A7BDD00D93D03 /* UINavgation */,
				2BEF6E4D1C2A7BDD00D93D03 /* UINavgationTests */,
				2BEF6E581C2A7BDD00D93D03 /* UINavgationUITests */,
				2BEF6E321C2A7BDD00D93D03 /* Products */,
			);
			sourceTree = "<group>";
		};
		2BEF6E321C2A7BDD00D93D03 /* Products */ = {
			isa = PBXGroup;
			children = (
				2BEF6E311C2A7BDD00D93D03 /* UINavgation.app */,
				2BEF6E4A1C2A7BDD00D93D03 /* UINavgationTests.xctest */,
				2BEF6E551C2A7BDD00D93D03 /* UINavgationUITests.xctest */,
			);
			name = Products;
			sourceTree = "<group>";
		};
		2BEF6E331C2A7BDD00D93D03 /* UINavgation */ = {
			isa = PBXGroup;
			children = (
				2BEF6E371C2A7BDD00D93D03 /* AppDelegate.h */,
				2BEF6E381C2A7BDD00D93D03 /* AppDelegate.m */,
				2BEF6E3A1C2A7BDD00D93D03 /* ViewController.h */,
				2BEF6E3B1C2A7BDD00D93D03 /* ViewController.m */,
				2BEF6E3D1C2A7BDD00D93D03 /* Main.storyboard */,
				2BEF6E401C2A7BDD00D93D03 /* Assets.xcassets */,
				2BEF6E421C2A7BDD00D93D03 /* LaunchScreen.storyboard */,
				2BEF6E451C2A7BDD00D93D03 /* Info.plist */,
				2BEF6E341C2A7BDD00D93D03 /* Supporting Files */,
			);
			path = UINavgation;
			sourceTree = "<group>";
		};
		2BEF6E341C2A7BDD00D93D03 /* Supporting Files */ = {
			isa = PBXGroup;
			children = (
				2BEF6E351C2A7BDD00D93D03 /* main.m */,
			);
			name = "Supporting Files";
			sourceTree = "<group>";
		};
		2BEF6E4D1C2A7BDD00D93D03 /* UINavgationTests */ = {
			isa = PBXGroup;
			children = (
				2BEF6E4E1C2A7BDD00D93D03 /* UINavgationTests.m */,
				2BEF6E501C2A7BDD00D93D03 /* Info.plist */,
			);
			path = UINavgationTests;
			sourceTree = "<group>";
		};
		2BEF6E581C2A7BDD00D93D03 /* UINavgationUITests */ = {
			isa = PBXGroup;
			children = (
				2BEF6E591C2A7BDD00D93D03 /* UINavgationUITests.m */,
				2BEF6E5B1C2A7BDD00D93D03 /* Info.plist */,
			);
			path = UINavgationUITests;
			sourceTree = "<group>";
		};
/* End PBXGroup section */

/* Begin PBXNativeTarget section */
		2BEF6E301C2A7BDD00D93D03 /* UINavgation */ = {
			isa = PBXNativeTarget;
			buildConfigurationList = 2BEF6E5E1C2A7BDD00D93D03 /* Build configuration list for PBXNativeTarget "UINavgation" */;
			buildPhases = (
				2BEF6E2D1C2A7BDD00D93D03 /* Sources */,
				2BEF6E2E1C2A7BDD00D93D03 /* Frameworks */,
				2BEF6E2F1C2A7BDD00D93D03 /* Resources */,
			);
			buildRules = (
			);
			dependencies = (
			);
			name = UINavgation;
			productName = UINavgation;
			productReference = 2BEF6E311C2A7BDD00D93D03 /* UINavgation.app */;
			productType = "com.apple.product-type.application";
		};
		2BEF6E491C2A7BDD00D93D03 /* UINavgationTests */ = {
			isa = PBXNativeTarget;
			buildConfigurationList = 2BEF6E611C2A7BDD00D93D03 /* Build configuration list for PBXNativeTarget "UINavgationTests" */;
			buildPhases = (
				2BEF6E461C2A7BDD00D93D03 /* Sources */,
				2BEF6E471C2A7BDD00D93D03 /* Frameworks */,
				2BEF6E481C2A7BDD00D93D03 /* Resources */,
			);
			buildRules = (
			);
			dependencies = (
				2BEF6E4C1C2A7BDD00D93D03 /* PBXTargetDependency */,
			);
			name = UINavgationTests;
			productName = UINavgationTests;
			productReference = 2BEF6E4A1C2A7BDD00D93D03 /* UINavgationTests.xctest */;
			productType = "com.apple.product-type.bundle.unit-test";
		};
		2BEF6E541C2A7BDD00D93D03 /* UINavgationUITests */ = {
			isa = PBXNativeTarget;
			buildConfigurationList = 2BEF6E641C2A7BDD00D93D03 /* Build configuration list for PBXNativeTarget "UINavgationUITests" */;
			buildPhases = (
				2BEF6E511C2A7BDD00D93D03 /* Sources */,
				2BEF6E521C2A7BDD00D93D03 /* Frameworks */,
				2BEF6E531C2A7BDD00D93D03 /* Resources */,
			);
			buildRules = (
			);
			dependencies = (
				2BEF6E571C2A7BDD00D93D03 /* PBXTargetDependency */,
			);
			name = UINavgationUITests;
			productName = UINavgationUITests;
			productReference = 2BEF6E551C2A7BDD00D93D03 /* UINavgationUITests.xctest */;
			productType = "com.apple.product-type.bundle.ui-testing";
		};
/* End PBXNativeTarget section */

/* Begin PBXProject section */
		2BEF6E291C2A7BDD00D93D03 /* Project object */ = {
			isa = PBXProject;
			attributes = {
				LastUpgradeCheck = 0720;
				ORGANIZATIONNAME = haizi;
				TargetAttributes = {
					2BEF6E301C2A7BDD00D93D03 = {
						CreatedOnToolsVersion = 7.2;
					};
					2BEF6E491C2A7BDD00D93D03 = {
						CreatedOnToolsVersion = 7.2;
						TestTargetID = 2BEF6E301C2A7BDD00D93D03;
					};
					2BEF6E541C2A7BDD00D93D03 = {
						CreatedOnToolsVersion = 7.2;
						TestTargetID = 2BEF6E301C2A7BDD00D93D03;
					};
				};
			};
			buildConfigurationList = 2BEF6E2C1C2A7BDD00D93D03 /* Build configuration list for PBXProject "UINavgation" */;
			compatibilityVersion = "Xcode 3.2";
			developmentRegion = English;
			hasScannedForEncodings = 0;
			knownRegions = (
				en,
				Base,
			);
			mainGroup = 2BEF6E281C2A7BDD00D93D03;
			productRefGroup = 2BEF6E321C2A7BDD00D93D03 /* Products */;
			projectDirPath = "";
			projectRoot = "";
			targets = (
				2BEF6E301C2A7BDD00D93D03 /* UINavgation */,
				2BEF6E491C2A7BDD00D93D03 /* UINavgationTests */,
				2BEF6E541C2A7BDD00D93D03 /* UINavgationUITests */,
			);
		};
/* End PBXProject section */

/* Begin PBXResourcesBuildPhase section */
		2BEF6E2F1C2A7BDD00D93D03 /* Resources */ = {
			isa = PBXResourcesBuildPhase;
			buildActionMask = 2147483647;
			files = (
				2BEF6E441C2A7BDD00D93D03 /* LaunchScreen.storyboard in Resources */,
				2BEF6E411C2A7BDD00D93D03 /* Assets.xcassets in Resources */,
				2BEF6E3F1C2A7BDD00D93D03 /* Main.storyboard in Resources */,
			);
			runOnlyForDeploymentPostprocessing = 0;
		};
		2BEF6E481C2A7BDD00D93D03 /* Resources */ = {
			isa = PBXResourcesBuildPhase;
			buildActionMask = 2147483647;
			files = (
			);
			runOnlyForDeploymentPostprocessing = 0;
		};
		2BEF6E531C2A7BDD00D93D03 /* Resources */ = {
			isa = PBXResourcesBuildPhase;
			buildActionMask = 2147483647;
			files = (
			);
			runOnlyForDeploymentPostprocessing = 0;
		};
/* End PBXResourcesBuildPhase section */

/* Begin PBXSourcesBuildPhase section */
		2BEF6E2D1C2A7BDD00D93D03 /* Sources */ = {
			isa = PBXSourcesBuildPhase;
			buildActionMask = 2147483647;
			files = (
				2BEF6E3C1C2A7BDD00D93D03 /* ViewController.m in Sources */,
				2BEF6E391C2A7BDD00D93D03 /* AppDelegate.m in Sources */,
				2BEF6E361C2A7BDD00D93D03 /* main.m in Sources */,
			);
			runOnlyForDeploymentPostprocessing = 0;
		};
		2BEF6E461C2A7BDD00D93D03 /* Sources */ = {
			isa = PBXSourcesBuildPhase;
			buildActionMask = 2147483647;
			files = (
				2BEF6E4F1C2A7BDD00D93D03 /* UINavgationTests.m in Sources */,
			);
			runOnlyForDeploymentPostprocessing = 0;
		};
		2BEF6E511C2A7BDD00D93D03 /* Sources */ = {
			isa = PBXSourcesBuildPhase;
			buildActionMask = 2147483647;
			files = (
				2BEF6E5A1C2A7BDD00D93D03 /* UINavgationUITests.m in Sources */,
			);
			runOnlyForDeploymentPostprocessing = 0;
		};
/* End PBXSourcesBuildPhase section */

/* Begin PBXTargetDependency section */
		2BEF6E4C1C2A7BDD00D93D03 /* PBXTargetDependency */ = {
			isa = PBXTargetDependency;
			target = 2BEF6E301C2A7BDD00D93D03 /* UINavgation */;
			targetProxy = 2BEF6E4B1C2A7BDD00D93D03 /* PBXContainerItemProxy */;
		};
		2BEF6E571C2A7BDD00D93D03 /* PBXTargetDependency */ = {
			isa = PBXTargetDependency;
			target = 2BEF6E301C2A7BDD00D93D03 /* UINavgation */;
			targetProxy = 2BEF6E561C2A7BDD00D93D03 /* PBXContainerItemProxy */;
		};
/* End PBXTargetDependency section */

/* Begin PBXVariantGroup section */
		2BEF6E3D1C2A7BDD00D93D03 /* Main.storyboard */ = {
			isa = PBXVariantGroup;
			children = (
				2BEF6E3E1C2A7BDD00D93D03 /* Base */,
			);
			name = Main.storyboard;
			sourceTree = "<group>";
		};
		2BEF6E421C2A7BDD00D93D03 /* LaunchScreen.storyboard */ = {
			isa = PBXVariantGroup;
			children = (
				2BEF6E431C2A7BDD00D93D03 /* Base */,
			);
			name = LaunchScreen.storyboard;
			sourceTree = "<group>";
		};
/* End PBXVariantGroup section */

/* Begin XCBuildConfiguration section */
		2BEF6E5C1C2A7BDD00D93D03 /* Debug */ = {
			isa = XCBuildConfiguration;
			buildSettings = {
				ALWAYS_SEARCH_USER_PATHS = NO;
				CLANG_CXX_LANGUAGE_STANDARD = "gnu++0x";
				CLANG_CXX_LIBRARY = "libc++";
				CLANG_ENABLE_MODULES = YES;
				CLANG_ENABLE_OBJC_ARC = YES;
				CLANG_WARN_BOOL_CONVERSION = YES;
				CLANG_WARN_CONSTANT_CONVERSION = YES;
				CLANG_WARN_DIRECT_OBJC_ISA_USAGE = YES_ERROR;
				CLANG_WARN_EMPTY_BODY = YES;
				CLANG_WARN_ENUM_CONVERSION = YES;
				CLANG_WARN_INT_CONVERSION = YES;
				CLANG_WARN_OBJC_ROOT_CLASS = YES_ERROR;
				CLANG_WARN_UNREACHABLE_CODE = YES;
				CLANG_WARN__DUPLICATE_METHOD_MATCH = YES;
				"CODE_SIGN_IDENTITY[sdk=iphoneos*]" = "iPhone Developer";
				COPY_PHASE_STRIP = NO;
				DEBUG_INFORMATION_FORMAT = dwarf;
				ENABLE_STRICT_OBJC_MSGSEND = YES;
				ENABLE_TESTABILITY = YES;
				GCC_C_LANGUAGE_STANDARD = gnu99;
				GCC_DYNAMIC_NO_PIC = NO;
				GCC_NO_COMMON_BLOCKS = YES;
				GCC_OPTIMIZATION_LEVEL = 0;
				GCC_PREPROCESSOR_DEFINITIONS = (
					"DEBUG=1",
					"$(inherited)",
				);
				GCC_WARN_64_TO_32_BIT_CONVERSION = YES;
				GCC_WARN_ABOUT_RETURN_TYPE = YES_ERROR;
				GCC_WARN_UNDECLARED_SELECTOR = YES;
				GCC_WARN_UNINITIALIZED_AUTOS = YES_AGGRESSIVE;
				GCC_WARN_UNUSED_FUNCTION = YES;
				GCC_WARN_UNUSED_VARIABLE = YES;
				IPHONEOS_DEPLOYMENT_TARGET = 9.2;
				MTL_ENABLE_DEBUG_INFO = YES;
				ONLY_ACTIVE_ARCH = YES;
				SDKROOT = iphoneos;
			};
			name = Debug;
		};
		2BEF6E5D1C2A7BDD00D93D03 /* Release */ = {
			isa = XCBuildConfiguration;
			buildSettings = {
				ALWAYS_SEARCH_USER_PATHS = NO;
				CLANG_CXX_LANGUAGE_STANDARD = "gnu++0x";
				CLANG_CXX_LIBRARY = "libc++";
				CLANG_ENABLE_MODULES = YES;
				CLANG_ENABLE_OBJC_ARC = YES;
				CLANG_WARN_BOOL_CONVERSION = YES;
				CLANG_WARN_CONSTANT_CONVERSION = YES;
				CLANG_WARN_DIRECT_OBJC_ISA_USAGE = YES_ERROR;
				CLANG_WARN_EMPTY_BODY = YES;
				CLANG_WARN_ENUM_CONVERSION = YES;
				CLANG_WARN_INT_CONVERSION = YES;
				CLANG_WARN_OBJC_ROOT_CLASS = YES_ERROR;
				CLANG_WARN_UNREACHABLE_CODE = YES;
				CLANG_WARN__DUPLICATE_METHOD_MATCH = YES;
				"CODE_SIGN_IDENTITY[sdk=iphoneos*]" = "iPhone Developer";
				COPY_PHASE_STRIP = NO;
				DEBUG_INFORMATION_FORMAT = "dwarf-with-dsym";
				ENABLE_NS_ASSERTIONS = NO;
				ENABLE_STRICT_OBJC_MSGSEND = YES;
				GCC_C_LANGUAGE_STANDARD = gnu99;
				GCC_NO_COMMON_BLOCKS = YES;
				GCC_WARN_64_TO_32_BIT_CONVERSION = YES;
				GCC_WARN_ABOUT_RETURN_TYPE = YES_ERROR;
				GCC_WARN_UNDECLARED_SELECTOR = YES;
				GCC_WARN_UNINITIALIZED_AUTOS = YES_AGGRESSIVE;
				GCC_WARN_UNUSED_FUNCTION = YES;
				GCC_WARN_UNUSED_VARIABLE = YES;
				IPHONEOS_DEPLOYMENT_TARGET = 9.2;
				MTL_ENABLE_DEBUG_INFO = NO;
				SDKROOT = iphoneos;
				VALIDATE_PRODUCT = YES;
			};
			name = Release;
		};
		2BEF6E5F1C2A7BDD00D93D03 /* Debug */ = {
			isa = XCBuildConfiguration;
			buildSettings = {
				ASSETCATALOG_COMPILER_APPICON_NAME = AppIcon;
				INFOPLIST_FILE = UINavgation/Info.plist;
				LD_RUNPATH_SEARCH_PATHS = "$(inherited) @executable_path/Frameworks";
				PRODUCT_BUNDLE_IDENTIFIER = com.haizi.UINavgation;
				PRODUCT_NAME = "$(TARGET_NAME)";
			};
			name = Debug;
		};
		2BEF6E601C2A7BDD00D93D03 /* Release */ = {
			isa = XCBuildConfiguration;
			buildSettings = {
				ASSETCATALOG_COMPILER_APPICON_NAME = AppIcon;
				INFOPLIST_FILE = UINavgation/Info.plist;
				LD_RUNPATH_SEARCH_PATHS = "$(inherited) @executable_path/Frameworks";
				PRODUCT_BUNDLE_IDENTIFIER = com.haizi.UINavgation;
				PRODUCT_NAME = "$(TARGET_NAME)";
			};
			name = Release;
		};
		2BEF6E621C2A7BDD00D93D03 /* Debug */ = {
			isa = XCBuildConfiguration;
			buildSettings = {
				BUNDLE_LOADER = "$(TEST_HOST)";
				INFOPLIST_FILE = UINavgationTests/Info.plist;
				LD_RUNPATH_SEARCH_PATHS = "$(inherited) @executable_path/Frameworks @loader_path/Frameworks";
				PRODUCT_BUNDLE_IDENTIFIER = com.haizi.UINavgationTests;
				PRODUCT_NAME = "$(TARGET_NAME)";
				TEST_HOST = "$(BUILT_PRODUCTS_DIR)/UINavgation.app/UINavgation";
			};
			name = Debug;
		};
		2BEF6E631C2A7BDD00D93D03 /* Release */ = {
			isa = XCBuildConfiguration;
			buildSettings = {
				BUNDLE_LOADER = "$(TEST_HOST)";
				INFOPLIST_FILE = UINavgationTests/Info.plist;
				LD_RUNPATH_SEARCH_PATHS = "$(inherited) @executable_path/Frameworks @loader_path/Frameworks";
				PRODUCT_BUNDLE_IDENTIFIER = com.haizi.UINavgationTests;
				PRODUCT_NAME = "$(TARGET_NAME)";
				TEST_HOST = "$(BUILT_PRODUCTS_DIR)/UINavgation.app/UINavgation";
			};
			name = Release;
		};
		2BEF6E651C2A7BDD00D93D03 /* Debug */ = {
			isa = XCBuildConfiguration;
			buildSettings = {
				INFOPLIST_FILE = UINavgationUITests/Info.plist;
				LD_RUNPATH_SEARCH_PATHS = "$(inherited) @executable_path/Frameworks @loader_path/Frameworks";
				PRODUCT_BUNDLE_IDENTIFIER = com.haizi.UINavgationUITests;
				PRODUCT_NAME = "$(TARGET_NAME)";
				TEST_TARGET_NAME = UINavgation;
				USES_XCTRUNNER = YES;
			};
			name = Debug;
		};
		2BEF6E661C2A7BDD00D93D03 /* Release */ = {
			isa = XCBuildConfiguration;
			buildSettings = {
				INFOPLIST_FILE = UINavgationUITests/Info.plist;
				LD_RUNPATH_SEARCH_PATHS = "$(inherited) @executable_path/Frameworks @loader_path/Frameworks";
				PRODUCT_BUNDLE_IDENTIFIER = com.haizi.UINavgationUITests;
				PRODUCT_NAME = "$(TARGET_NAME)";
				TEST_TARGET_NAME = UINavgation;
				USES_XCTRUNNER = YES;
			};
			name = Release;
		};
/* End XCBuildConfiguration section */

/* Begin XCConfigurationList section */
		2BEF6E2C1C2A7BDD00D93D03 /* Build configuration list for PBXProject "UINavgation" */ = {
			isa = XCConfigurationList;
			buildConfigurations = (
				2BEF6E5C1C2A7BDD00D93D03 /* Debug */,
				2BEF6E5D1C2A7BDD00D93D03 /* Release */,
			);
			defaultConfigurationIsVisible = 0;
			defaultConfigurationName = Release;
		};
		2BEF6E5E1C2A7BDD00D93D03 /* Build configuration list for PBXNativeTarget "UINavgation" */ = {
			isa = XCConfigurationList;
			buildConfigurations = (
				2BEF6E5F1C2A7BDD00D93D03 /* Debug */,
				2BEF6E601C2A7BDD00D93D03 /* Release */,
			);
			defaultConfigurationIsVisible = 0;
		};
		2BEF6E611C2A7BDD00D93D03 /* Build configuration list for PBXNativeTarget "UINavgationTests" */ = {
			isa = XCConfigurationList;
			buildConfigurations = (
				2BEF6E621C2A7BDD00D93D03 /* Debug */,
				2BEF6E631C2A7BDD00D93D03 /* Release */,
			);
			defaultConfigurationIsVisible = 0;
		};
		2BEF6E641C2A7BDD00D93D03 /* Build configuration list for PBXNativeTarget "UINavgationUITests" */ = {
			isa = XCConfigurationList;
			buildConfigurations = (
				2BEF6E651C2A7BDD00D93D03 /* Debug */,
				2BEF6E661C2A7BDD00D93D03 /* Release */,
			);
			defaultConfigurationIsVisible = 0;
		};
/* End XCConfigurationList section */
	};
	rootObject = 2BEF6E291C2A7BDD00D93D03 /* Project object */;
}
