// !$*UTF8*$!
{
	archiveVersion = 1;
	classes = {
	};
	objectVersion = 46;
	objects = {

/* Begin PBXBuildFile section */
		2B4856F11C7C3456002D71BF /* main.m in Sources */ = {isa = PBXBuildFile; fileRef = 2B4856F01C7C3456002D71BF /* main.m */; };
		2B4856F41C7C3456002D71BF /* AppDelegate.m in Sources */ = {isa = PBXBuildFile; fileRef = 2B4856F31C7C3456002D71BF /* AppDelegate.m */; };
		2B4856F71C7C3456002D71BF /* ViewController.m in Sources */ = {isa = PBXBuildFile; fileRef = 2B4856F61C7C3456002D71BF /* ViewController.m */; };
		2B4856FA1C7C3456002D71BF /* Main.storyboard in Resources */ = {isa = PBXBuildFile; fileRef = 2B4856F81C7C3456002D71BF /* Main.storyboard */; };
		2B4856FC1C7C3456002D71BF /* Assets.xcassets in Resources */ = {isa = PBXBuildFile; fileRef = 2B4856FB1C7C3456002D71BF /* Assets.xcassets */; };
		2B4856FF1C7C3456002D71BF /* LaunchScreen.storyboard in Resources */ = {isa = PBXBuildFile; fileRef = 2B4856FD1C7C3456002D71BF /* LaunchScreen.storyboard */; };
		2B48570A1C7C3457002D71BF /* AccountingTests.m in Sources */ = {isa = PBXBuildFile; fileRef = 2B4857091C7C3457002D71BF /* AccountingTests.m */; };
		2B4857151C7C3457002D71BF /* AccountingUITests.m in Sources */ = {isa = PBXBuildFile; fileRef = 2B4857141C7C3457002D71BF /* AccountingUITests.m */; };
/* End PBXBuildFile section */

/* Begin PBXContainerItemProxy section */
		2B4857061C7C3456002D71BF /* PBXContainerItemProxy */ = {
			isa = PBXContainerItemProxy;
			containerPortal = 2B4856E41C7C3456002D71BF /* Project object */;
			proxyType = 1;
			remoteGlobalIDString = 2B4856EB1C7C3456002D71BF;
			remoteInfo = Accounting;
		};
		2B4857111C7C3457002D71BF /* PBXContainerItemProxy */ = {
			isa = PBXContainerItemProxy;
			containerPortal = 2B4856E41C7C3456002D71BF /* Project object */;
			proxyType = 1;
			remoteGlobalIDString = 2B4856EB1C7C3456002D71BF;
			remoteInfo = Accounting;
		};
/* End PBXContainerItemProxy section */

/* Begin PBXFileReference section */
		2B4856EC1C7C3456002D71BF /* Accounting.app */ = {isa = PBXFileReference; explicitFileType = wrapper.application; includeInIndex = 0; path = Accounting.app; sourceTree = BUILT_PRODUCTS_DIR; };
		2B4856F01C7C3456002D71BF /* main.m */ = {isa = PBXFileReference; lastKnownFileType = sourcecode.c.objc; path = main.m; sourceTree = "<group>"; };
		2B4856F21C7C3456002D71BF /* AppDelegate.h */ = {isa = PBXFileReference; lastKnownFileType = sourcecode.c.h; path = AppDelegate.h; sourceTree = "<group>"; };
		2B4856F31C7C3456002D71BF /* AppDelegate.m */ = {isa = PBXFileReference; lastKnownFileType = sourcecode.c.objc; path = AppDelegate.m; sourceTree = "<group>"; };
		2B4856F51C7C3456002D71BF /* ViewController.h */ = {isa = PBXFileReference; lastKnownFileType = sourcecode.c.h; path = ViewController.h; sourceTree = "<group>"; };
		2B4856F61C7C3456002D71BF /* ViewController.m */ = {isa = PBXFileReference; lastKnownFileType = sourcecode.c.objc; path = ViewController.m; sourceTree = "<group>"; };
		2B4856F91C7C3456002D71BF /* Base */ = {isa = PBXFileReference; lastKnownFileType = file.storyboard; name = Base; path = Base.lproj/Main.storyboard; sourceTree = "<group>"; };
		2B4856FB1C7C3456002D71BF /* Assets.xcassets */ = {isa = PBXFileReference; lastKnownFileType = folder.assetcatalog; path = Assets.xcassets; sourceTree = "<group>"; };
		2B4856FE1C7C3456002D71BF /* Base */ = {isa = PBXFileReference; lastKnownFileType = file.storyboard; name = Base; path = Base.lproj/LaunchScreen.storyboard; sourceTree = "<group>"; };
		2B4857001C7C3456002D71BF /* Info.plist */ = {isa = PBXFileReference; lastKnownFileType = text.plist.xml; path = Info.plist; sourceTree = "<group>"; };
		2B4857051C7C3456002D71BF /* AccountingTests.xctest */ = {isa = PBXFileReference; explicitFileType = wrapper.cfbundle; includeInIndex = 0; path = AccountingTests.xctest; sourceTree = BUILT_PRODUCTS_DIR; };
		2B4857091C7C3457002D71BF /* AccountingTests.m */ = {isa = PBXFileReference; lastKnownFileType = sourcecode.c.objc; path = AccountingTests.m; sourceTree = "<group>"; };
		2B48570B1C7C3457002D71BF /* Info.plist */ = {isa = PBXFileReference; lastKnownFileType = text.plist.xml; path = Info.plist; sourceTree = "<group>"; };
		2B4857101C7C3457002D71BF /* AccountingUITests.xctest */ = {isa = PBXFileReference; explicitFileType = wrapper.cfbundle; includeInIndex = 0; path = AccountingUITests.xctest; sourceTree = BUILT_PRODUCTS_DIR; };
		2B4857141C7C3457002D71BF /* AccountingUITests.m */ = {isa = PBXFileReference; lastKnownFileType = sourcecode.c.objc; path = AccountingUITests.m; sourceTree = "<group>"; };
		2B4857161C7C3457002D71BF /* Info.plist */ = {isa = PBXFileReference; lastKnownFileType = text.plist.xml; path = Info.plist; sourceTree = "<group>"; };
/* End PBXFileReference section */

/* Begin PBXFrameworksBuildPhase section */
		2B4856E91C7C3456002D71BF /* Frameworks */ = {
			isa = PBXFrameworksBuildPhase;
			buildActionMask = 2147483647;
			files = (
			);
			runOnlyForDeploymentPostprocessing = 0;
		};
		2B4857021C7C3456002D71BF /* Frameworks */ = {
			isa = PBXFrameworksBuildPhase;
			buildActionMask = 2147483647;
			files = (
			);
			runOnlyForDeploymentPostprocessing = 0;
		};
		2B48570D1C7C3457002D71BF /* Frameworks */ = {
			isa = PBXFrameworksBuildPhase;
			buildActionMask = 2147483647;
			files = (
			);
			runOnlyForDeploymentPostprocessing = 0;
		};
/* End PBXFrameworksBuildPhase section */

/* Begin PBXGroup section */
		2B4856E31C7C3456002D71BF = {
			isa = PBXGroup;
			children = (
				2B4856EE1C7C3456002D71BF /* Accounting */,
				2B4857081C7C3457002D71BF /* AccountingTests */,
				2B4857131C7C3457002D71BF /* AccountingUITests */,
				2B4856ED1C7C3456002D71BF /* Products */,
			);
			sourceTree = "<group>";
		};
		2B4856ED1C7C3456002D71BF /* Products */ = {
			isa = PBXGroup;
			children = (
				2B4856EC1C7C3456002D71BF /* Accounting.app */,
				2B4857051C7C3456002D71BF /* AccountingTests.xctest */,
				2B4857101C7C3457002D71BF /* AccountingUITests.xctest */,
			);
			name = Products;
			sourceTree = "<group>";
		};
		2B4856EE1C7C3456002D71BF /* Accounting */ = {
			isa = PBXGroup;
			children = (
				2B4856F21C7C3456002D71BF /* AppDelegate.h */,
				2B4856F31C7C3456002D71BF /* AppDelegate.m */,
				2B4856F51C7C3456002D71BF /* ViewController.h */,
				2B4856F61C7C3456002D71BF /* ViewController.m */,
				2B4856F81C7C3456002D71BF /* Main.storyboard */,
				2B4856FB1C7C3456002D71BF /* Assets.xcassets */,
				2B4856FD1C7C3456002D71BF /* LaunchScreen.storyboard */,
				2B4857001C7C3456002D71BF /* Info.plist */,
				2B4856EF1C7C3456002D71BF /* Supporting Files */,
			);
			path = Accounting;
			sourceTree = "<group>";
		};
		2B4856EF1C7C3456002D71BF /* Supporting Files */ = {
			isa = PBXGroup;
			children = (
				2B4856F01C7C3456002D71BF /* main.m */,
			);
			name = "Supporting Files";
			sourceTree = "<group>";
		};
		2B4857081C7C3457002D71BF /* AccountingTests */ = {
			isa = PBXGroup;
			children = (
				2B4857091C7C3457002D71BF /* AccountingTests.m */,
				2B48570B1C7C3457002D71BF /* Info.plist */,
			);
			path = AccountingTests;
			sourceTree = "<group>";
		};
		2B4857131C7C3457002D71BF /* AccountingUITests */ = {
			isa = PBXGroup;
			children = (
				2B4857141C7C3457002D71BF /* AccountingUITests.m */,
				2B4857161C7C3457002D71BF /* Info.plist */,
			);
			path = AccountingUITests;
			sourceTree = "<group>";
		};
/* End PBXGroup section */

/* Begin PBXNativeTarget section */
		2B4856EB1C7C3456002D71BF /* Accounting */ = {
			isa = PBXNativeTarget;
			buildConfigurationList = 2B4857191C7C3457002D71BF /* Build configuration list for PBXNativeTarget "Accounting" */;
			buildPhases = (
				2B4856E81C7C3456002D71BF /* Sources */,
				2B4856E91C7C3456002D71BF /* Frameworks */,
				2B4856EA1C7C3456002D71BF /* Resources */,
			);
			buildRules = (
			);
			dependencies = (
			);
			name = Accounting;
			productName = Accounting;
			productReference = 2B4856EC1C7C3456002D71BF /* Accounting.app */;
			productType = "com.apple.product-type.application";
		};
		2B4857041C7C3456002D71BF /* AccountingTests */ = {
			isa = PBXNativeTarget;
			buildConfigurationList = 2B48571C1C7C3457002D71BF /* Build configuration list for PBXNativeTarget "AccountingTests" */;
			buildPhases = (
				2B4857011C7C3456002D71BF /* Sources */,
				2B4857021C7C3456002D71BF /* Frameworks */,
				2B4857031C7C3456002D71BF /* Resources */,
			);
			buildRules = (
			);
			dependencies = (
				2B4857071C7C3456002D71BF /* PBXTargetDependency */,
			);
			name = AccountingTests;
			productName = AccountingTests;
			productReference = 2B4857051C7C3456002D71BF /* AccountingTests.xctest */;
			productType = "com.apple.product-type.bundle.unit-test";
		};
		2B48570F1C7C3457002D71BF /* AccountingUITests */ = {
			isa = PBXNativeTarget;
			buildConfigurationList = 2B48571F1C7C3457002D71BF /* Build configuration list for PBXNativeTarget "AccountingUITests" */;
			buildPhases = (
				2B48570C1C7C3457002D71BF /* Sources */,
				2B48570D1C7C3457002D71BF /* Frameworks */,
				2B48570E1C7C3457002D71BF /* Resources */,
			);
			buildRules = (
			);
			dependencies = (
				2B4857121C7C3457002D71BF /* PBXTargetDependency */,
			);
			name = AccountingUITests;
			productName = AccountingUITests;
			productReference = 2B4857101C7C3457002D71BF /* AccountingUITests.xctest */;
			productType = "com.apple.product-type.bundle.ui-testing";
		};
/* End PBXNativeTarget section */

/* Begin PBXProject section */
		2B4856E41C7C3456002D71BF /* Project object */ = {
			isa = PBXProject;
			attributes = {
				LastUpgradeCheck = 0720;
				ORGANIZATIONNAME = haizi;
				TargetAttributes = {
					2B4856EB1C7C3456002D71BF = {
						CreatedOnToolsVersion = 7.2.1;
					};
					2B4857041C7C3456002D71BF = {
						CreatedOnToolsVersion = 7.2.1;
						TestTargetID = 2B4856EB1C7C3456002D71BF;
					};
					2B48570F1C7C3457002D71BF = {
						CreatedOnToolsVersion = 7.2.1;
						TestTargetID = 2B4856EB1C7C3456002D71BF;
					};
				};
			};
			buildConfigurationList = 2B4856E71C7C3456002D71BF /* Build configuration list for PBXProject "Accounting" */;
			compatibilityVersion = "Xcode 3.2";
			developmentRegion = English;
			hasScannedForEncodings = 0;
			knownRegions = (
				en,
				Base,
			);
			mainGroup = 2B4856E31C7C3456002D71BF;
			productRefGroup = 2B4856ED1C7C3456002D71BF /* Products */;
			projectDirPath = "";
			projectRoot = "";
			targets = (
				2B4856EB1C7C3456002D71BF /* Accounting */,
				2B4857041C7C3456002D71BF /* AccountingTests */,
				2B48570F1C7C3457002D71BF /* AccountingUITests */,
			);
		};
/* End PBXProject section */

/* Begin PBXResourcesBuildPhase section */
		2B4856EA1C7C3456002D71BF /* Resources */ = {
			isa = PBXResourcesBuildPhase;
			buildActionMask = 2147483647;
			files = (
				2B4856FF1C7C3456002D71BF /* LaunchScreen.storyboard in Resources */,
				2B4856FC1C7C3456002D71BF /* Assets.xcassets in Resources */,
				2B4856FA1C7C3456002D71BF /* Main.storyboard in Resources */,
			);
			runOnlyForDeploymentPostprocessing = 0;
		};
		2B4857031C7C3456002D71BF /* Resources */ = {
			isa = PBXResourcesBuildPhase;
			buildActionMask = 2147483647;
			files = (
			);
			runOnlyForDeploymentPostprocessing = 0;
		};
		2B48570E1C7C3457002D71BF /* Resources */ = {
			isa = PBXResourcesBuildPhase;
			buildActionMask = 2147483647;
			files = (
			);
			runOnlyForDeploymentPostprocessing = 0;
		};
/* End PBXResourcesBuildPhase section */

/* Begin PBXSourcesBuildPhase section */
		2B4856E81C7C3456002D71BF /* Sources */ = {
			isa = PBXSourcesBuildPhase;
			buildActionMask = 2147483647;
			files = (
				2B4856F71C7C3456002D71BF /* ViewController.m in Sources */,
				2B4856F41C7C3456002D71BF /* AppDelegate.m in Sources */,
				2B4856F11C7C3456002D71BF /* main.m in Sources */,
			);
			runOnlyForDeploymentPostprocessing = 0;
		};
		2B4857011C7C3456002D71BF /* Sources */ = {
			isa = PBXSourcesBuildPhase;
			buildActionMask = 2147483647;
			files = (
				2B48570A1C7C3457002D71BF /* AccountingTests.m in Sources */,
			);
			runOnlyForDeploymentPostprocessing = 0;
		};
		2B48570C1C7C3457002D71BF /* Sources */ = {
			isa = PBXSourcesBuildPhase;
			buildActionMask = 2147483647;
			files = (
				2B4857151C7C3457002D71BF /* AccountingUITests.m in Sources */,
			);
			runOnlyForDeploymentPostprocessing = 0;
		};
/* End PBXSourcesBuildPhase section */

/* Begin PBXTargetDependency section */
		2B4857071C7C3456002D71BF /* PBXTargetDependency */ = {
			isa = PBXTargetDependency;
			target = 2B4856EB1C7C3456002D71BF /* Accounting */;
			targetProxy = 2B4857061C7C3456002D71BF /* PBXContainerItemProxy */;
		};
		2B4857121C7C3457002D71BF /* PBXTargetDependency */ = {
			isa = PBXTargetDependency;
			target = 2B4856EB1C7C3456002D71BF /* Accounting */;
			targetProxy = 2B4857111C7C3457002D71BF /* PBXContainerItemProxy */;
		};
/* End PBXTargetDependency section */

/* Begin PBXVariantGroup section */
		2B4856F81C7C3456002D71BF /* Main.storyboard */ = {
			isa = PBXVariantGroup;
			children = (
				2B4856F91C7C3456002D71BF /* Base */,
			);
			name = Main.storyboard;
			sourceTree = "<group>";
		};
		2B4856FD1C7C3456002D71BF /* LaunchScreen.storyboard */ = {
			isa = PBXVariantGroup;
			children = (
				2B4856FE1C7C3456002D71BF /* Base */,
			);
			name = LaunchScreen.storyboard;
			sourceTree = "<group>";
		};
/* End PBXVariantGroup section */

/* Begin XCBuildConfiguration section */
		2B4857171C7C3457002D71BF /* Debug */ = {
			isa = XCBuildConfiguration;
			buildSettings = {
				ALWAYS_SEARCH_USER_PATHS = NO;
				CLANG_CXX_LANGUAGE_STANDARD = "gnu++0x";
				CLANG_CXX_LIBRARY = "libc++";
				CLANG_ENABLE_MODULES = YES;
				CLANG_ENABLE_OBJC_ARC = YES;
				CLANG_WARN_BOOL_CONVERSION = YES;
				CLANG_WARN_CONSTANT_CONVERSION = YES;
				CLANG_WARN_DIRECT_OBJC_ISA_USAGE = YES_ERROR;
				CLANG_WARN_EMPTY_BODY = YES;
				CLANG_WARN_ENUM_CONVERSION = YES;
				CLANG_WARN_INT_CONVERSION = YES;
				CLANG_WARN_OBJC_ROOT_CLASS = YES_ERROR;
				CLANG_WARN_UNREACHABLE_CODE = YES;
				CLANG_WARN__DUPLICATE_METHOD_MATCH = YES;
				"CODE_SIGN_IDENTITY[sdk=iphoneos*]" = "iPhone Developer";
				COPY_PHASE_STRIP = NO;
				DEBUG_INFORMATION_FORMAT = dwarf;
				ENABLE_STRICT_OBJC_MSGSEND = YES;
				ENABLE_TESTABILITY = YES;
				GCC_C_LANGUAGE_STANDARD = gnu99;
				GCC_DYNAMIC_NO_PIC = NO;
				GCC_NO_COMMON_BLOCKS = YES;
				GCC_OPTIMIZATION_LEVEL = 0;
				GCC_PREPROCESSOR_DEFINITIONS = (
					"DEBUG=1",
					"$(inherited)",
				);
				GCC_WARN_64_TO_32_BIT_CONVERSION = YES;
				GCC_WARN_ABOUT_RETURN_TYPE = YES_ERROR;
				GCC_WARN_UNDECLARED_SELECTOR = YES;
				GCC_WARN_UNINITIALIZED_AUTOS = YES_AGGRESSIVE;
				GCC_WARN_UNUSED_FUNCTION = YES;
				GCC_WARN_UNUSED_VARIABLE = YES;
				IPHONEOS_DEPLOYMENT_TARGET = 9.2;
				MTL_ENABLE_DEBUG_INFO = YES;
				ONLY_ACTIVE_ARCH = YES;
				SDKROOT = iphoneos;
				TARGETED_DEVICE_FAMILY = "1,2";
			};
			name = Debug;
		};
		2B4857181C7C3457002D71BF /* Release */ = {
			isa = XCBuildConfiguration;
			buildSettings = {
				ALWAYS_SEARCH_USER_PATHS = NO;
				CLANG_CXX_LANGUAGE_STANDARD = "gnu++0x";
				CLANG_CXX_LIBRARY = "libc++";
				CLANG_ENABLE_MODULES = YES;
				CLANG_ENABLE_OBJC_ARC = YES;
				CLANG_WARN_BOOL_CONVERSION = YES;
				CLANG_WARN_CONSTANT_CONVERSION = YES;
				CLANG_WARN_DIRECT_OBJC_ISA_USAGE = YES_ERROR;
				CLANG_WARN_EMPTY_BODY = YES;
				CLANG_WARN_ENUM_CONVERSION = YES;
				CLANG_WARN_INT_CONVERSION = YES;
				CLANG_WARN_OBJC_ROOT_CLASS = YES_ERROR;
				CLANG_WARN_UNREACHABLE_CODE = YES;
				CLANG_WARN__DUPLICATE_METHOD_MATCH = YES;
				"CODE_SIGN_IDENTITY[sdk=iphoneos*]" = "iPhone Developer";
				COPY_PHASE_STRIP = NO;
				DEBUG_INFORMATION_FORMAT = "dwarf-with-dsym";
				ENABLE_NS_ASSERTIONS = NO;
				ENABLE_STRICT_OBJC_MSGSEND = YES;
				GCC_C_LANGUAGE_STANDARD = gnu99;
				GCC_NO_COMMON_BLOCKS = YES;
				GCC_WARN_64_TO_32_BIT_CONVERSION = YES;
				GCC_WARN_ABOUT_RETURN_TYPE = YES_ERROR;
				GCC_WARN_UNDECLARED_SELECTOR = YES;
				GCC_WARN_UNINITIALIZED_AUTOS = YES_AGGRESSIVE;
				GCC_WARN_UNUSED_FUNCTION = YES;
				GCC_WARN_UNUSED_VARIABLE = YES;
				IPHONEOS_DEPLOYMENT_TARGET = 9.2;
				MTL_ENABLE_DEBUG_INFO = NO;
				SDKROOT = iphoneos;
				TARGETED_DEVICE_FAMILY = "1,2";
				VALIDATE_PRODUCT = YES;
			};
			name = Release;
		};
		2B48571A1C7C3457002D71BF /* Debug */ = {
			isa = XCBuildConfiguration;
			buildSettings = {
				ASSETCATALOG_COMPILER_APPICON_NAME = AppIcon;
				INFOPLIST_FILE = Accounting/Info.plist;
				LD_RUNPATH_SEARCH_PATHS = "$(inherited) @executable_path/Frameworks";
				PRODUCT_BUNDLE_IDENTIFIER = com.haizi.Accounting;
				PRODUCT_NAME = "$(TARGET_NAME)";
			};
			name = Debug;
		};
		2B48571B1C7C3457002D71BF /* Release */ = {
			isa = XCBuildConfiguration;
			buildSettings = {
				ASSETCATALOG_COMPILER_APPICON_NAME = AppIcon;
				INFOPLIST_FILE = Accounting/Info.plist;
				LD_RUNPATH_SEARCH_PATHS = "$(inherited) @executable_path/Frameworks";
				PRODUCT_BUNDLE_IDENTIFIER = com.haizi.Accounting;
				PRODUCT_NAME = "$(TARGET_NAME)";
			};
			name = Release;
		};
		2B48571D1C7C3457002D71BF /* Debug */ = {
			isa = XCBuildConfiguration;
			buildSettings = {
				BUNDLE_LOADER = "$(TEST_HOST)";
				INFOPLIST_FILE = AccountingTests/Info.plist;
				LD_RUNPATH_SEARCH_PATHS = "$(inherited) @executable_path/Frameworks @loader_path/Frameworks";
				PRODUCT_BUNDLE_IDENTIFIER = com.haizi.AccountingTests;
				PRODUCT_NAME = "$(TARGET_NAME)";
				TEST_HOST = "$(BUILT_PRODUCTS_DIR)/Accounting.app/Accounting";
			};
			name = Debug;
		};
		2B48571E1C7C3457002D71BF /* Release */ = {
			isa = XCBuildConfiguration;
			buildSettings = {
				BUNDLE_LOADER = "$(TEST_HOST)";
				INFOPLIST_FILE = AccountingTests/Info.plist;
				LD_RUNPATH_SEARCH_PATHS = "$(inherited) @executable_path/Frameworks @loader_path/Frameworks";
				PRODUCT_BUNDLE_IDENTIFIER = com.haizi.AccountingTests;
				PRODUCT_NAME = "$(TARGET_NAME)";
				TEST_HOST = "$(BUILT_PRODUCTS_DIR)/Accounting.app/Accounting";
			};
			name = Release;
		};
		2B4857201C7C3457002D71BF /* Debug */ = {
			isa = XCBuildConfiguration;
			buildSettings = {
				INFOPLIST_FILE = AccountingUITests/Info.plist;
				LD_RUNPATH_SEARCH_PATHS = "$(inherited) @executable_path/Frameworks @loader_path/Frameworks";
				PRODUCT_BUNDLE_IDENTIFIER = com.haizi.AccountingUITests;
				PRODUCT_NAME = "$(TARGET_NAME)";
				TEST_TARGET_NAME = Accounting;
				USES_XCTRUNNER = YES;
			};
			name = Debug;
		};
		2B4857211C7C3457002D71BF /* Release */ = {
			isa = XCBuildConfiguration;
			buildSettings = {
				INFOPLIST_FILE = AccountingUITests/Info.plist;
				LD_RUNPATH_SEARCH_PATHS = "$(inherited) @executable_path/Frameworks @loader_path/Frameworks";
				PRODUCT_BUNDLE_IDENTIFIER = com.haizi.AccountingUITests;
				PRODUCT_NAME = "$(TARGET_NAME)";
				TEST_TARGET_NAME = Accounting;
				USES_XCTRUNNER = YES;
			};
			name = Release;
		};
/* End XCBuildConfiguration section */

/* Begin XCConfigurationList section */
		2B4856E71C7C3456002D71BF /* Build configuration list for PBXProject "Accounting" */ = {
			isa = XCConfigurationList;
			buildConfigurations = (
				2B4857171C7C3457002D71BF /* Debug */,
				2B4857181C7C3457002D71BF /* Release */,
			);
			defaultConfigurationIsVisible = 0;
			defaultConfigurationName = Release;
		};
		2B4857191C7C3457002D71BF /* Build configuration list for PBXNativeTarget "Accounting" */ = {
			isa = XCConfigurationList;
			buildConfigurations = (
				2B48571A1C7C3457002D71BF /* Debug */,
				2B48571B1C7C3457002D71BF /* Release */,
			);
			defaultConfigurationIsVisible = 0;
		};
		2B48571C1C7C3457002D71BF /* Build configuration list for PBXNativeTarget "AccountingTests" */ = {
			isa = XCConfigurationList;
			buildConfigurations = (
				2B48571D1C7C3457002D71BF /* Debug */,
				2B48571E1C7C3457002D71BF /* Release */,
			);
			defaultConfigurationIsVisible = 0;
		};
		2B48571F1C7C3457002D71BF /* Build configuration list for PBXNativeTarget "AccountingUITests" */ = {
			isa = XCConfigurationList;
			buildConfigurations = (
				2B4857201C7C3457002D71BF /* Debug */,
				2B4857211C7C3457002D71BF /* Release */,
			);
			defaultConfigurationIsVisible = 0;
		};
/* End XCConfigurationList section */
	};
	rootObject = 2B4856E41C7C3456002D71BF /* Project object */;
}
